
Microsoft Visual Studio Solution File, Format Version 12.00
# Visual Studio Version 17
VisualStudioVersion = 17.4.33122.133
MinimumVisualStudioVersion = 10.0.40219.1
Project("{FAE04EC0-301F-11D3-BF4B-00C04F79EFBC}") = "RivneBloodTransfusionCenter", "RivneBloodTransfusionCenter\RivneBloodTransfusionCenter.csproj", "{8D136F3B-A6D7-4314-A0F8-9659EC55941E}"
EndProject
Global
	GlobalSection(SolutionConfigurationPlatforms) = preSolution
		Debug|Any CPU = Debug|Any CPU
		Release|Any CPU = Release|Any CPU
	EndGlobalSection
	GlobalSection(ProjectConfigurationPlatforms) = postSolution
		{8D136F3B-A6D7-4314-A0F8-9659EC55941E}.Debug|Any CPU.ActiveCfg = Debug|Any CPU
		{8D136F3B-A6D7-4314-A0F8-9659EC55941E}.Debug|Any CPU.Build.0 = Debug|Any CPU
		{8D136F3B-A6D7-4314-A0F8-9659EC55941E}.Release|Any CPU.ActiveCfg = Release|Any CPU
		{8D136F3B-A6D7-4314-A0F8-9659EC55941E}.Release|Any CPU.Build.0 = Release|Any CPU
	EndGlobalSection
	GlobalSection(SolutionProperties) = preSolution
		HideSolutionNode = FALSE
	EndGlobalSection
	GlobalSection(ExtensibilityGlobals) = postSolution
		SolutionGuid = {A908EDC5-79FF-4358-83DC-9E25B61CA093}
	EndGlobalSection
EndGlobal
